<?xml version="1.0" encoding="utf-8"?>
<Project ToolsVersion="4.0" xmlns="http://schemas.microsoft.com/developer/msbuild/2003">
  <ItemGroup>
    <Filter Include="component">
      <UniqueIdentifier>{18DEAB42-8448-60B9-CD86-115F39303E0E}</UniqueIdentifier>
    </Filter>
    <Filter Include="entity">
      <UniqueIdentifier>{C2FD7FFB-AE9F-AAD1-975A-BE25839B3122}</UniqueIdentifier>
    </Filter>
    <Filter Include="space">
      <UniqueIdentifier>{51165F10-BD2A-87C1-86AC-2A21F27F83F2}</UniqueIdentifier>
    </Filter>
  </ItemGroup>
  <ItemGroup>
    <ClInclude Include="include\iw\component\archetype.h">
      <Filter>component</Filter>
    </ClInclude>
    <ClInclude Include="include\iw\component\group.h">
      <Filter>component</Filter>
    </ClInclude>
    <ClInclude Include="include\iw\component\view.h">
      <Filter>component</Filter>
    </ClInclude>
    <ClInclude Include="include\iw\entity\entity_traits.h">
      <Filter>entity</Filter>
    </ClInclude>
    <ClInclude Include="include\iw\iwecs.h" />
    <ClInclude Include="include\iw\iwent.h" />
    <ClInclude Include="include\iw\space\active_subspace.h">
      <Filter>space</Filter>
    </ClInclude>
    <ClInclude Include="include\iw\space\space.h">
      <Filter>space</Filter>
    </ClInclude>
    <ClInclude Include="include\iw\space\subspace.h">
      <Filter>space</Filter>
    </ClInclude>
  </ItemGroup>
</Project>