<?xml version="1.0" encoding="utf-8"?>
<Project ToolsVersion="4.0" xmlns="http://schemas.microsoft.com/developer/msbuild/2003">
  <ItemGroup>
    <Filter Include="include">
      <UniqueIdentifier>{89AF369E-F58E-B539-FEA6-40106A051C9B}</UniqueIdentifier>
    </Filter>
    <Filter Include="include\Platform">
      <UniqueIdentifier>{FD7581F9-E96E-A04B-12A1-85D0FEF87F57}</UniqueIdentifier>
    </Filter>
    <Filter Include="include\Platform\Windows">
      <UniqueIdentifier>{37CD2F6F-23F2-7EEF-4C3D-647F38C17D0D}</UniqueIdentifier>
    </Filter>
    <Filter Include="src">
      <UniqueIdentifier>{2DAB880B-99B4-887C-2230-9F7C8E38947C}</UniqueIdentifier>
    </Filter>
    <Filter Include="src\Platform">
      <UniqueIdentifier>{21CA02E5-0D2D-9289-B6B2-CA3FA2F45D0C}</UniqueIdentifier>
    </Filter>
  </ItemGroup>
  <ItemGroup>
    <ClInclude Include="include\Application.h">
      <Filter>include</Filter>
    </ClInclude>
    <ClInclude Include="include\Core.h">
      <Filter>include</Filter>
    </ClInclude>
    <ClInclude Include="include\EntryPoint.h">
      <Filter>include</Filter>
    </ClInclude>
    <ClInclude Include="include\Event.h">
      <Filter>include</Filter>
    </ClInclude>
    <ClInclude Include="include\Layer.h">
      <Filter>include</Filter>
    </ClInclude>
    <ClInclude Include="include\LayerStack.h">
      <Filter>include</Filter>
    </ClInclude>
    <ClInclude Include="include\Platform\Windows\WindowsWindow.h">
      <Filter>include\Platform\Windows</Filter>
    </ClInclude>
    <ClInclude Include="include\Space.h">
      <Filter>include</Filter>
    </ClInclude>
    <ClInclude Include="include\Window.h">
      <Filter>include</Filter>
    </ClInclude>
  </ItemGroup>
  <ItemGroup>
    <ClCompile Include="src\Application.cpp">
      <Filter>src</Filter>
    </ClCompile>
    <ClCompile Include="src\Layer.cpp">
      <Filter>src</Filter>
    </ClCompile>
    <ClCompile Include="src\LayerStack.cpp">
      <Filter>src</Filter>
    </ClCompile>
    <ClCompile Include="src\Platform\WindowsWindow.cpp">
      <Filter>src\Platform</Filter>
    </ClCompile>
  </ItemGroup>
</Project>