<?xml version="1.0" encoding="utf-8"?>
<Project ToolsVersion="4.0" xmlns="http://schemas.microsoft.com/developer/msbuild/2003">
  <ItemGroup>
    <Filter Include="functional">
      <UniqueIdentifier>{F883136E-E43B-55BB-4D43-2E17391AF0AB}</UniqueIdentifier>
    </Filter>
  </ItemGroup>
  <ItemGroup>
    <ClInclude Include="include\iw\event_bus.h" />
    <ClInclude Include="include\iw\functional\binding.h">
      <Filter>functional</Filter>
    </ClInclude>
    <ClInclude Include="include\iw\functional\callback.h">
      <Filter>functional</Filter>
    </ClInclude>
    <ClInclude Include="include\iw\functional\signal.h">
      <Filter>functional</Filter>
    </ClInclude>
    <ClInclude Include="include\iw\iwevents.h" />
    <ClInclude Include="include\iw\signal.h" />
  </ItemGroup>
</Project>