<?xml version="1.0" encoding="utf-8"?>
<Project ToolsVersion="4.0" xmlns="http://schemas.microsoft.com/developer/msbuild/2003">
  <ItemGroup>
    <Filter Include="include">
      <UniqueIdentifier>{89AF369E-F58E-B539-FEA6-40106A051C9B}</UniqueIdentifier>
    </Filter>
    <Filter Include="include\iw">
      <UniqueIdentifier>{D844B8DA-C4FC-F927-2D04-D38319DB9418}</UniqueIdentifier>
    </Filter>
    <Filter Include="include\iw\sink">
      <UniqueIdentifier>{5C68F0E7-C8F3-5DAC-D104-E1A03D0FBAAC}</UniqueIdentifier>
    </Filter>
    <Filter Include="src">
      <UniqueIdentifier>{2DAB880B-99B4-887C-2230-9F7C8E38947C}</UniqueIdentifier>
    </Filter>
    <Filter Include="src\sink">
      <UniqueIdentifier>{D10B37CF-BDD8-91DA-E6F1-7F82D21DC768}</UniqueIdentifier>
    </Filter>
  </ItemGroup>
  <ItemGroup>
    <ClInclude Include="include\iw\iwlog.h">
      <Filter>include\iw</Filter>
    </ClInclude>
    <ClInclude Include="include\iw\logger.h">
      <Filter>include\iw</Filter>
    </ClInclude>
    <ClInclude Include="include\iw\sink\file_sink.h">
      <Filter>include\iw\sink</Filter>
    </ClInclude>
    <ClInclude Include="include\iw\sink\sink.h">
      <Filter>include\iw\sink</Filter>
    </ClInclude>
    <ClInclude Include="include\iw\sink\std_sink.h">
      <Filter>include\iw\sink</Filter>
    </ClInclude>
  </ItemGroup>
  <ItemGroup>
    <ClCompile Include="src\logger.cpp">
      <Filter>src</Filter>
    </ClCompile>
    <ClCompile Include="src\sink\file_sink.cpp">
      <Filter>src\sink</Filter>
    </ClCompile>
    <ClCompile Include="src\sink\std_sink.cpp">
      <Filter>src\sink</Filter>
    </ClCompile>
  </ItemGroup>
</Project>