<?xml version="1.0" encoding="utf-8"?>
<Project ToolsVersion="4.0" xmlns="http://schemas.microsoft.com/developer/msbuild/2003">
  <ItemGroup>
    <Filter Include="Source Files">
      <UniqueIdentifier>{4FC737F1-C7A5-4376-A066-2A32D752A2FF}</UniqueIdentifier>
      <Extensions>cpp;c;cc;cxx;def;odl;idl;hpj;bat;asm;asmx</Extensions>
    </Filter>
    <Filter Include="Header Files">
      <UniqueIdentifier>{93995380-89BD-4b04-88EB-625FBE52EBFB}</UniqueIdentifier>
      <Extensions>h;hh;hpp;hxx;hm;inl;inc;ipp;xsd</Extensions>
    </Filter>
    <Filter Include="Resource Files">
      <UniqueIdentifier>{67DA6AB6-F800-4c08-8B7A-83BB121AAD01}</UniqueIdentifier>
      <Extensions>rc;ico;cur;bmp;dlg;rc2;rct;bin;rgs;gif;jpg;jpeg;jpe;resx;tiff;tif;png;wav;mfcribbon-ms</Extensions>
    </Filter>
  </ItemGroup>
  <ItemGroup>
    <ClCompile Include="src\impl\impl_input_context.cpp">
      <Filter>Source Files</Filter>
    </ClCompile>
    <ClCompile Include="src\impl\impl_input_device.cpp">
      <Filter>Source Files</Filter>
    </ClCompile>
    <ClCompile Include="src\impl\impl_input_manager.cpp">
      <Filter>Source Files</Filter>
    </ClCompile>
    <ClCompile Include="src\impl\impl_input_state.cpp">
      <Filter>Source Files</Filter>
    </ClCompile>
    <ClCompile Include="src\impl\keyboard\impl_keyboard_win.cpp">
      <Filter>Source Files</Filter>
    </ClCompile>
    <ClCompile Include="src\impl\mouse\impl_mouse_win.cpp">
      <Filter>Source Files</Filter>
    </ClCompile>
    <ClCompile Include="src\impl\mouse\impl_mouse_winraw.cpp">
      <Filter>Source Files</Filter>
    </ClCompile>
    <ClCompile Include="src\input_manager.cpp">
      <Filter>Source Files</Filter>
    </ClCompile>
  </ItemGroup>
  <ItemGroup>
    <ClInclude Include="src\impl\impl_input_context.h">
      <Filter>Header Files</Filter>
    </ClInclude>
    <ClInclude Include="src\impl\impl_input_device.h">
      <Filter>Header Files</Filter>
    </ClInclude>
    <ClInclude Include="src\impl\impl_input_manager.h">
      <Filter>Header Files</Filter>
    </ClInclude>
    <ClInclude Include="src\impl\impl_input_state.h">
      <Filter>Header Files</Filter>
    </ClInclude>
    <ClInclude Include="src\impl\keyboard\impl_keyboard.h">
      <Filter>Header Files</Filter>
    </ClInclude>
    <ClInclude Include="src\impl\mouse\impl_mouse.h">
      <Filter>Header Files</Filter>
    </ClInclude>
    <ClInclude Include="src\iwinput_events.h">
      <Filter>Header Files</Filter>
    </ClInclude>
    <ClInclude Include="include\input_context.h">
      <Filter>Header Files</Filter>
    </ClInclude>
    <ClInclude Include="include\input_device.h">
      <Filter>Header Files</Filter>
    </ClInclude>
    <ClInclude Include="include\input_manager.h">
      <Filter>Header Files</Filter>
    </ClInclude>
    <ClInclude Include="include\input_state.h">
      <Filter>Header Files</Filter>
    </ClInclude>
    <ClInclude Include="include\iwinput.h">
      <Filter>Header Files</Filter>
    </ClInclude>
    <ClInclude Include="include\keyboard.h">
      <Filter>Header Files</Filter>
    </ClInclude>
    <ClInclude Include="include\mouse.h">
      <Filter>Header Files</Filter>
    </ClInclude>
  </ItemGroup>
</Project>