<?xml version="1.0" encoding="utf-8"?>
<Project ToolsVersion="4.0" xmlns="http://schemas.microsoft.com/developer/msbuild/2003">
  <ItemGroup>
    <Filter Include="include">
      <UniqueIdentifier>{89AF369E-F58E-B539-FEA6-40106A051C9B}</UniqueIdentifier>
    </Filter>
    <Filter Include="src">
      <UniqueIdentifier>{2DAB880B-99B4-887C-2230-9F7C8E38947C}</UniqueIdentifier>
    </Filter>
    <Filter Include="src\impl">
      <UniqueIdentifier>{4EA131CF-3A6E-8CDA-6387-7A824FB3C168}</UniqueIdentifier>
    </Filter>
    <Filter Include="src\impl\keyboard">
      <UniqueIdentifier>{AEC951F9-1AE0-4F8F-6357-DBB0CFAC2017}</UniqueIdentifier>
    </Filter>
    <Filter Include="src\impl\mouse">
      <UniqueIdentifier>{46A7FAF9-3275-EEFF-1B09-5F260776CA64}</UniqueIdentifier>
    </Filter>
  </ItemGroup>
  <ItemGroup>
    <ClInclude Include="include\input_context.h">
      <Filter>include</Filter>
    </ClInclude>
    <ClInclude Include="include\input_device.h">
      <Filter>include</Filter>
    </ClInclude>
    <ClInclude Include="include\input_manager.h">
      <Filter>include</Filter>
    </ClInclude>
    <ClInclude Include="include\input_state.h">
      <Filter>include</Filter>
    </ClInclude>
    <ClInclude Include="include\iwinput.h">
      <Filter>include</Filter>
    </ClInclude>
    <ClInclude Include="include\keyboard.h">
      <Filter>include</Filter>
    </ClInclude>
    <ClInclude Include="include\mouse.h">
      <Filter>include</Filter>
    </ClInclude>
  </ItemGroup>
  <ItemGroup>
    <ClCompile Include="src\impl\impl_input_context.cpp">
      <Filter>src\impl</Filter>
    </ClCompile>
    <ClCompile Include="src\impl\impl_input_device.cpp">
      <Filter>src\impl</Filter>
    </ClCompile>
    <ClCompile Include="src\impl\impl_input_manager.cpp">
      <Filter>src\impl</Filter>
    </ClCompile>
    <ClCompile Include="src\impl\impl_input_state.cpp">
      <Filter>src\impl</Filter>
    </ClCompile>
    <ClCompile Include="src\impl\keyboard\impl_keyboard_win.cpp">
      <Filter>src\impl\keyboard</Filter>
    </ClCompile>
    <ClCompile Include="src\impl\mouse\impl_mouse_win.cpp">
      <Filter>src\impl\mouse</Filter>
    </ClCompile>
    <ClCompile Include="src\impl\mouse\impl_mouse_winraw.cpp">
      <Filter>src\impl\mouse</Filter>
    </ClCompile>
    <ClCompile Include="src\input_manager.cpp">
      <Filter>src</Filter>
    </ClCompile>
  </ItemGroup>
</Project>